
Microsoft Visual Studio Solution File, Format Version 11.00
# Visual Studio 2010
Project("{FAE04EC0-301F-11D3-BF4B-00C04F79EFBC}") = "project_ikot", "Assembly-CSharp.csproj", "{0973ED76-BFE8-1AE5-F6CC-B438AC3CE4ED}"
EndProject
Global
	GlobalSection(SolutionConfigurationPlatforms) = preSolution
		Debug|Any CPU = Debug|Any CPU
		Release|Any CPU = Release|Any CPU
	EndGlobalSection
	GlobalSection(ProjectConfigurationPlatforms) = postSolution
		{0973ED76-BFE8-1AE5-F6CC-B438AC3CE4ED}.Debug|Any CPU.ActiveCfg = Debug|Any CPU
		{0973ED76-BFE8-1AE5-F6CC-B438AC3CE4ED}.Debug|Any CPU.Build.0 = Debug|Any CPU
		{0973ED76-BFE8-1AE5-F6CC-B438AC3CE4ED}.Release|Any CPU.ActiveCfg = Release|Any CPU
		{0973ED76-BFE8-1AE5-F6CC-B438AC3CE4ED}.Release|Any CPU.Build.0 = Release|Any CPU
	EndGlobalSection
	GlobalSection(SolutionProperties) = preSolution
		HideSolutionNode = FALSE
	EndGlobalSection
	GlobalSection(MonoDevelopProperties) = preSolution
		StartupItem = Assembly-CSharp.csproj
	EndGlobalSection
EndGlobal
